
Microsoft Visual Studio Solution File, Format Version 12.00
# Visual Studio Version 17
VisualStudioVersion = 17.5.002.0
MinimumVisualStudioVersion = 10.0.40219.1
Project("{9A19103F-16F7-4668-BE54-9A1E7A4F7556}") = "tl2-tp10-2023-NicoMagro", "tl2-tp10-2023-NicoMagro.csproj", "{F15C14D0-2569-45AD-A7F6-2D27EC4A88FE}"
EndProject
Global
	GlobalSection(SolutionConfigurationPlatforms) = preSolution
		Debug|Any CPU = Debug|Any CPU
		Release|Any CPU = Release|Any CPU
	EndGlobalSection
	GlobalSection(ProjectConfigurationPlatforms) = postSolution
		{F15C14D0-2569-45AD-A7F6-2D27EC4A88FE}.Debug|Any CPU.ActiveCfg = Debug|Any CPU
		{F15C14D0-2569-45AD-A7F6-2D27EC4A88FE}.Debug|Any CPU.Build.0 = Debug|Any CPU
		{F15C14D0-2569-45AD-A7F6-2D27EC4A88FE}.Release|Any CPU.ActiveCfg = Release|Any CPU
		{F15C14D0-2569-45AD-A7F6-2D27EC4A88FE}.Release|Any CPU.Build.0 = Release|Any CPU
	EndGlobalSection
	GlobalSection(SolutionProperties) = preSolution
		HideSolutionNode = FALSE
	EndGlobalSection
	GlobalSection(ExtensibilityGlobals) = postSolution
		SolutionGuid = {8D7390DE-85F1-4C72-9FE5-A52D91FF9E1D}
	EndGlobalSection
EndGlobal
